
Microsoft Visual Studio Solution File, Format Version 12.00
# Visual Studio Version 17
VisualStudioVersion = 17.7.34024.191
MinimumVisualStudioVersion = 10.0.40219.1
Project("{FAE04EC0-301F-11D3-BF4B-00C04F79EFBC}") = "Практос 2", "Практос 2.csproj", "{CF046615-DDD7-4A3D-8E8A-0FBEC45B31EF}"
EndProject
Global
	GlobalSection(SolutionConfigurationPlatforms) = preSolution
		Debug|Any CPU = Debug|Any CPU
		Release|Any CPU = Release|Any CPU
	EndGlobalSection
	GlobalSection(ProjectConfigurationPlatforms) = postSolution
		{CF046615-DDD7-4A3D-8E8A-0FBEC45B31EF}.Debug|Any CPU.ActiveCfg = Debug|Any CPU
		{CF046615-DDD7-4A3D-8E8A-0FBEC45B31EF}.Debug|Any CPU.Build.0 = Debug|Any CPU
		{CF046615-DDD7-4A3D-8E8A-0FBEC45B31EF}.Release|Any CPU.ActiveCfg = Release|Any CPU
		{CF046615-DDD7-4A3D-8E8A-0FBEC45B31EF}.Release|Any CPU.Build.0 = Release|Any CPU
	EndGlobalSection
	GlobalSection(SolutionProperties) = preSolution
		HideSolutionNode = FALSE
	EndGlobalSection
	GlobalSection(ExtensibilityGlobals) = postSolution
		SolutionGuid = {76B85C43-67EF-49E2-A4BE-6DA317F00D03}
	EndGlobalSection
EndGlobal
